
Microsoft Visual Studio Solution File, Format Version 12.00
# Visual Studio Version 16
VisualStudioVersion = 16.0.30804.86
MinimumVisualStudioVersion = 10.0.40219.1
Project("{9A19103F-16F7-4668-BE54-9A1E7A4F7556}") = "DAL", "..\DAL\DAL.csproj", "{078E9C21-19F3-48AC-A035-6E9E281CF7C6}"
EndProject
Project("{9A19103F-16F7-4668-BE54-9A1E7A4F7556}") = "TripAdvisor.Front", "..\TripAdvisor.Front\TripAdvisor.Front.csproj", "{17B2003B-86C7-489D-8B7B-BAE7CA8F4151}"
EndProject
Global
	GlobalSection(SolutionConfigurationPlatforms) = preSolution
		Debug|Any CPU = Debug|Any CPU
		Release|Any CPU = Release|Any CPU
	EndGlobalSection
	GlobalSection(ProjectConfigurationPlatforms) = postSolution
		{078E9C21-19F3-48AC-A035-6E9E281CF7C6}.Debug|Any CPU.ActiveCfg = Debug|Any CPU
		{078E9C21-19F3-48AC-A035-6E9E281CF7C6}.Debug|Any CPU.Build.0 = Debug|Any CPU
		{078E9C21-19F3-48AC-A035-6E9E281CF7C6}.Release|Any CPU.ActiveCfg = Release|Any CPU
		{078E9C21-19F3-48AC-A035-6E9E281CF7C6}.Release|Any CPU.Build.0 = Release|Any CPU
		{17B2003B-86C7-489D-8B7B-BAE7CA8F4151}.Debug|Any CPU.ActiveCfg = Debug|Any CPU
		{17B2003B-86C7-489D-8B7B-BAE7CA8F4151}.Debug|Any CPU.Build.0 = Debug|Any CPU
		{17B2003B-86C7-489D-8B7B-BAE7CA8F4151}.Release|Any CPU.ActiveCfg = Release|Any CPU
		{17B2003B-86C7-489D-8B7B-BAE7CA8F4151}.Release|Any CPU.Build.0 = Release|Any CPU
	EndGlobalSection
	GlobalSection(SolutionProperties) = preSolution
		HideSolutionNode = FALSE
	EndGlobalSection
	GlobalSection(ExtensibilityGlobals) = postSolution
		SolutionGuid = {446C6944-340E-423D-84D7-B0641D7F681D}
	EndGlobalSection
EndGlobal
